
Microsoft Visual Studio Solution File, Format Version 12.00
# Visual Studio Version 17
VisualStudioVersion = 17.5.33424.131
MinimumVisualStudioVersion = 10.0.40219.1
Project("{9A19103F-16F7-4668-BE54-9A1E7A4F7556}") = "Tescaro.GBT.API", "GrupoPrazo.GBT.WebApi\Tescaro.GBT.API.csproj", "{9D27B210-9BFB-4D37-B1FD-392456B3FA16}"
EndProject
Project("{9A19103F-16F7-4668-BE54-9A1E7A4F7556}") = "Tescaro.GBT.Appplication", "Tescaro.GBT.Appplication\Tescaro.GBT.Appplication.csproj", "{9893A9E3-68C6-49FD-A124-CFE011F5F5F7}"
EndProject
Project("{9A19103F-16F7-4668-BE54-9A1E7A4F7556}") = "Tescaro.GBT.Domain", "Tescaro.GBT.Domain\Tescaro.GBT.Domain.csproj", "{AF5FAB71-6155-4387-9AE4-DCBCCC85C6FB}"
EndProject
Project("{9A19103F-16F7-4668-BE54-9A1E7A4F7556}") = "Tescaro.GBT.Repository", "Tescaro.GBT.Repository\Tescaro.GBT.Repository.csproj", "{469F48EB-9B87-4CC1-9AC0-7150BEDA42E7}"
EndProject
Global
	GlobalSection(SolutionConfigurationPlatforms) = preSolution
		Debug|Any CPU = Debug|Any CPU
		Release|Any CPU = Release|Any CPU
	EndGlobalSection
	GlobalSection(ProjectConfigurationPlatforms) = postSolution
		{9D27B210-9BFB-4D37-B1FD-392456B3FA16}.Debug|Any CPU.ActiveCfg = Debug|Any CPU
		{9D27B210-9BFB-4D37-B1FD-392456B3FA16}.Debug|Any CPU.Build.0 = Debug|Any CPU
		{9D27B210-9BFB-4D37-B1FD-392456B3FA16}.Release|Any CPU.ActiveCfg = Release|Any CPU
		{9D27B210-9BFB-4D37-B1FD-392456B3FA16}.Release|Any CPU.Build.0 = Release|Any CPU
		{9893A9E3-68C6-49FD-A124-CFE011F5F5F7}.Debug|Any CPU.ActiveCfg = Debug|Any CPU
		{9893A9E3-68C6-49FD-A124-CFE011F5F5F7}.Debug|Any CPU.Build.0 = Debug|Any CPU
		{9893A9E3-68C6-49FD-A124-CFE011F5F5F7}.Release|Any CPU.ActiveCfg = Release|Any CPU
		{9893A9E3-68C6-49FD-A124-CFE011F5F5F7}.Release|Any CPU.Build.0 = Release|Any CPU
		{AF5FAB71-6155-4387-9AE4-DCBCCC85C6FB}.Debug|Any CPU.ActiveCfg = Debug|Any CPU
		{AF5FAB71-6155-4387-9AE4-DCBCCC85C6FB}.Debug|Any CPU.Build.0 = Debug|Any CPU
		{AF5FAB71-6155-4387-9AE4-DCBCCC85C6FB}.Release|Any CPU.ActiveCfg = Release|Any CPU
		{AF5FAB71-6155-4387-9AE4-DCBCCC85C6FB}.Release|Any CPU.Build.0 = Release|Any CPU
		{469F48EB-9B87-4CC1-9AC0-7150BEDA42E7}.Debug|Any CPU.ActiveCfg = Debug|Any CPU
		{469F48EB-9B87-4CC1-9AC0-7150BEDA42E7}.Debug|Any CPU.Build.0 = Debug|Any CPU
		{469F48EB-9B87-4CC1-9AC0-7150BEDA42E7}.Release|Any CPU.ActiveCfg = Release|Any CPU
		{469F48EB-9B87-4CC1-9AC0-7150BEDA42E7}.Release|Any CPU.Build.0 = Release|Any CPU
	EndGlobalSection
	GlobalSection(SolutionProperties) = preSolution
		HideSolutionNode = FALSE
	EndGlobalSection
	GlobalSection(ExtensibilityGlobals) = postSolution
		SolutionGuid = {8A3EA2A7-A062-4DD4-9C4D-A51770B95690}
	EndGlobalSection
EndGlobal
